
Microsoft Visual Studio Solution File, Format Version 12.00
# Visual Studio Version 17
VisualStudioVersion = 17.3.32929.385
MinimumVisualStudioVersion = 10.0.40219.1
Project("{FAE04EC0-301F-11D3-BF4B-00C04F79EFBC}") = "Zadatak2", "Zadatak2\Zadatak2.csproj", "{2444275C-8488-4A7D-8A57-C6B5A3876B25}"
EndProject
Global
	GlobalSection(SolutionConfigurationPlatforms) = preSolution
		Debug|Any CPU = Debug|Any CPU
		Release|Any CPU = Release|Any CPU
	EndGlobalSection
	GlobalSection(ProjectConfigurationPlatforms) = postSolution
		{2444275C-8488-4A7D-8A57-C6B5A3876B25}.Debug|Any CPU.ActiveCfg = Debug|Any CPU
		{2444275C-8488-4A7D-8A57-C6B5A3876B25}.Debug|Any CPU.Build.0 = Debug|Any CPU
		{2444275C-8488-4A7D-8A57-C6B5A3876B25}.Release|Any CPU.ActiveCfg = Release|Any CPU
		{2444275C-8488-4A7D-8A57-C6B5A3876B25}.Release|Any CPU.Build.0 = Release|Any CPU
	EndGlobalSection
	GlobalSection(SolutionProperties) = preSolution
		HideSolutionNode = FALSE
	EndGlobalSection
	GlobalSection(ExtensibilityGlobals) = postSolution
		SolutionGuid = {CE4517D7-A449-4EF5-83C5-687B0A45C056}
	EndGlobalSection
EndGlobal
